PODS:
  - Alamofire (5.4.3)
  - IQKeyboardManagerSwift (6.5.6)
  - Kingfisher (5.15.8):
    - Kingfisher/Core (= 5.15.8)
  - Kingfisher/Core (5.15.8)
  - SnapKit (5.0.1)
  - SwiftLint (0.40.3)

DEPENDENCIES:
  - Alamofire (~> 5.2)
  - IQKeyboardManagerSwift
  - Kingfisher (~> 5.13)
  - SnapKit (~> 5.0.1)
  - SwiftLint (~> 0.40.3)

SPEC REPOS:
  trunk:
    - Alamofire
    - IQKeyboardManagerSwift
    - Kingfisher
    - SnapKit
    - SwiftLint

SPEC CHECKSUMS:
  Alamofire: e447a2774a40c996748296fa2c55112fdbbc42f9
  IQKeyboardManagerSwift: c7df9d2deb356c04522f5c4b7b6e4ce4d8ed94fe
  Kingfisher: a3c03d702433fa6cfedabb2bddbe076fb8f2e902
  SnapKit: 97b92857e3df3a0c71833cce143274bf6ef8e5eb
  SwiftLint: dfd554ff0dff17288ee574814ccdd5cea85d76f7

PODFILE CHECKSUM: a621254393ac9563acbda3b43d49450b714ab293

COCOAPODS: 1.10.1
