// !$*UTF8*$!
{
	archiveVersion = 1;
	classes = {
	};
	objectVersion = 51;
	objects = {

/* Begin PBXBuildFile section */
		C9024D3426DC2E23004B39E6 /* LaunchScreen.storyboard in Resources */ = {isa = PBXBuildFile; fileRef = C9F0CE9926DC2A9700F85118 /* LaunchScreen.storyboard */; };
		C9024D3C26DC3254004B39E6 /* MainViewController.swift in Sources */ = {isa = PBXBuildFile; fileRef = C9024D3B26DC3254004B39E6 /* MainViewController.swift */; };
		C9024D3E26DC33B4004B39E6 /* SceneDelegate.swift in Sources */ = {isa = PBXBuildFile; fileRef = C9024D3D26DC33B4004B39E6 /* SceneDelegate.swift */; };
		C9024D4026DC37B0004B39E6 /* AppDelegate.swift in Sources */ = {isa = PBXBuildFile; fileRef = C9F0CE4A26DC237500F85118 /* AppDelegate.swift */; };
		C9024D4726DC3A3E004B39E6 /* Constants.swift in Sources */ = {isa = PBXBuildFile; fileRef = C9024D4626DC3A3E004B39E6 /* Constants.swift */; };
		C9024D6026DC4D33004B39E6 /* NavigationViewController.swift in Sources */ = {isa = PBXBuildFile; fileRef = C9024D5F26DC4D33004B39E6 /* NavigationViewController.swift */; };
		C9024D6D26DC7854004B39E6 /* String+localize.swift in Sources */ = {isa = PBXBuildFile; fileRef = C9024D6C26DC7854004B39E6 /* String+localize.swift */; };
		C976F4F826E1031900E25531 /* StarView.swift in Sources */ = {isa = PBXBuildFile; fileRef = C976F4F726E1031900E25531 /* StarView.swift */; };
		C976F4FA26E10AA300E25531 /* UIStackView+removeAll.swift in Sources */ = {isa = PBXBuildFile; fileRef = C976F4F926E10AA300E25531 /* UIStackView+removeAll.swift */; };
		C976F4FC26E10EBA00E25531 /* SplashScreenView.swift in Sources */ = {isa = PBXBuildFile; fileRef = C976F4FB26E10EBA00E25531 /* SplashScreenView.swift */; };
		C97D4CA926E186FA00FFCFBA /* SearchNewFiltersRequest.swift in Sources */ = {isa = PBXBuildFile; fileRef = C97D4CA826E186FA00FFCFBA /* SearchNewFiltersRequest.swift */; };
		C97D4CAD26E18A9400FFCFBA /* Encodable+Dictionary.swift in Sources */ = {isa = PBXBuildFile; fileRef = C97D4CAC26E18A9400FFCFBA /* Encodable+Dictionary.swift */; };
		C97D4CAF26E2BFBD00FFCFBA /* UITextField+Padding.swift in Sources */ = {isa = PBXBuildFile; fileRef = C97D4CAE26E2BFBD00FFCFBA /* UITextField+Padding.swift */; };
		C97D4CB126E2C54A00FFCFBA /* FiltersModel.swift in Sources */ = {isa = PBXBuildFile; fileRef = C97D4CB026E2C54A00FFCFBA /* FiltersModel.swift */; };
		C97D4CB326E2CF6C00FFCFBA /* ManagerFilters.swift in Sources */ = {isa = PBXBuildFile; fileRef = C97D4CB226E2CF6C00FFCFBA /* ManagerFilters.swift */; };
		C9A230DB26DEEDC000A6B58F /* UIView+SnapKit.swift in Sources */ = {isa = PBXBuildFile; fileRef = C9A230DA26DEEDBF00A6B58F /* UIView+SnapKit.swift */; };
		C9A230F826E00D8700A6B58F /* BaseViewController.swift in Sources */ = {isa = PBXBuildFile; fileRef = C9A230F726E00D8700A6B58F /* BaseViewController.swift */; };
		C9A2310126E010CC00A6B58F /* NewsModel.swift in Sources */ = {isa = PBXBuildFile; fileRef = C9A230FB26E010CC00A6B58F /* NewsModel.swift */; };
		C9A2310226E010CC00A6B58F /* GetNewsResponse.swift in Sources */ = {isa = PBXBuildFile; fileRef = C9A230FC26E010CC00A6B58F /* GetNewsResponse.swift */; };
		C9A2310326E010CC00A6B58F /* NewsFieldsModel.swift in Sources */ = {isa = PBXBuildFile; fileRef = C9A230FD26E010CC00A6B58F /* NewsFieldsModel.swift */; };
		C9A2310426E010CC00A6B58F /* GetNewsItemResponse.swift in Sources */ = {isa = PBXBuildFile; fileRef = C9A230FE26E010CC00A6B58F /* GetNewsItemResponse.swift */; };
		C9A2310526E010CC00A6B58F /* GetNewsResult.swift in Sources */ = {isa = PBXBuildFile; fileRef = C9A230FF26E010CC00A6B58F /* GetNewsResult.swift */; };
		C9A2310626E010CC00A6B58F /* GetNewsItemContent.swift in Sources */ = {isa = PBXBuildFile; fileRef = C9A2310026E010CC00A6B58F /* GetNewsItemContent.swift */; };
		C9A2310826E010D900A6B58F /* BaseResponse.swift in Sources */ = {isa = PBXBuildFile; fileRef = C9A2310726E010D900A6B58F /* BaseResponse.swift */; };
		C9A2311226E0110000A6B58F /* APIClient.swift in Sources */ = {isa = PBXBuildFile; fileRef = C9A2310A26E0110000A6B58F /* APIClient.swift */; };
		C9A2311326E0110000A6B58F /* CustomURLEncoding.swift in Sources */ = {isa = PBXBuildFile; fileRef = C9A2310B26E0110000A6B58F /* CustomURLEncoding.swift */; };
		C9A2311426E0110000A6B58F /* Environment.swift in Sources */ = {isa = PBXBuildFile; fileRef = C9A2310D26E0110000A6B58F /* Environment.swift */; };
		C9A2311526E0110000A6B58F /* APIEnvironment.swift in Sources */ = {isa = PBXBuildFile; fileRef = C9A2310E26E0110000A6B58F /* APIEnvironment.swift */; };
		C9A2311626E0110000A6B58F /* APIErrorHandler.swift in Sources */ = {isa = PBXBuildFile; fileRef = C9A2310F26E0110000A6B58F /* APIErrorHandler.swift */; };
		C9A2311726E0110000A6B58F /* NewsServices.swift in Sources */ = {isa = PBXBuildFile; fileRef = C9A2311126E0110000A6B58F /* NewsServices.swift */; };
		C9A2311A26E0114800A6B58F /* Date+TimeAgo.swift in Sources */ = {isa = PBXBuildFile; fileRef = C9A2311826E0114800A6B58F /* Date+TimeAgo.swift */; };
		C9A2311B26E0114800A6B58F /* String+Date.swift in Sources */ = {isa = PBXBuildFile; fileRef = C9A2311926E0114800A6B58F /* String+Date.swift */; };
		C9A2311D26E0115A00A6B58F /* NewCellItem.swift in Sources */ = {isa = PBXBuildFile; fileRef = C9A2311C26E0115A00A6B58F /* NewCellItem.swift */; };
		C9A2312026E0116F00A6B58F /* MainPresenter.swift in Sources */ = {isa = PBXBuildFile; fileRef = C9A2311F26E0116F00A6B58F /* MainPresenter.swift */; };
		C9C9DD4926E05EEB00F563E4 /* NewDetailPresenter.swift in Sources */ = {isa = PBXBuildFile; fileRef = C9C9DD4826E05EEB00F563E4 /* NewDetailPresenter.swift */; };
		C9C9DD4B26E05F0F00F563E4 /* DetailNewViewController.swift in Sources */ = {isa = PBXBuildFile; fileRef = C9C9DD4A26E05F0F00F563E4 /* DetailNewViewController.swift */; };
		C9C9DD4D26E05F7900F563E4 /* String+HTML.swift in Sources */ = {isa = PBXBuildFile; fileRef = C9C9DD4C26E05F7900F563E4 /* String+HTML.swift */; };
		C9C9DD4F26E0639C00F563E4 /* FilterViewController.swift in Sources */ = {isa = PBXBuildFile; fileRef = C9C9DD4E26E0639C00F563E4 /* FilterViewController.swift */; };
		C9C9DD5126E0656B00F563E4 /* FilterPresenter.swift in Sources */ = {isa = PBXBuildFile; fileRef = C9C9DD5026E0656A00F563E4 /* FilterPresenter.swift */; };
		C9C9DD5326E079F300F563E4 /* StarRatingView.swift in Sources */ = {isa = PBXBuildFile; fileRef = C9C9DD5226E079F300F563E4 /* StarRatingView.swift */; };
		C9C9DD5526E07A9E00F563E4 /* BaseView.swift in Sources */ = {isa = PBXBuildFile; fileRef = C9C9DD5426E07A9E00F563E4 /* BaseView.swift */; };
		C9EAADFD26DD564000A28468 /* ChallengeTestsEndToEnd.swift in Sources */ = {isa = PBXBuildFile; fileRef = C9EAADFC26DD564000A28468 /* ChallengeTestsEndToEnd.swift */; };
		C9EAAE0B26DD571300A28468 /* ChallengeTests.swift in Sources */ = {isa = PBXBuildFile; fileRef = C9EAAE0A26DD571300A28468 /* ChallengeTests.swift */; };
		C9F0CE5426DC238700F85118 /* Assets.xcassets in Resources */ = {isa = PBXBuildFile; fileRef = C9F0CE5326DC238700F85118 /* Assets.xcassets */; };
		C9F0CE6D26DC238900F85118 /* ChallengeUITests.swift in Sources */ = {isa = PBXBuildFile; fileRef = C9F0CE6C26DC238900F85118 /* ChallengeUITests.swift */; };
		C9F0CE8426DC26AA00F85118 /* Assets.swift in Sources */ = {isa = PBXBuildFile; fileRef = C9F0CE8126DC26AA00F85118 /* Assets.swift */; };
		C9F0CE8526DC26AA00F85118 /* Fonts.swift in Sources */ = {isa = PBXBuildFile; fileRef = C9F0CE8226DC26AA00F85118 /* Fonts.swift */; };
		C9F0CE8626DC26AA00F85118 /* Theme.swift in Sources */ = {isa = PBXBuildFile; fileRef = C9F0CE8326DC26AA00F85118 /* Theme.swift */; };
		C9F0CE9D26DC2A9700F85118 /* Roboto-Medium.ttf in Resources */ = {isa = PBXBuildFile; fileRef = C9F0CE8826DC2A9700F85118 /* Roboto-Medium.ttf */; };
		C9F0CE9E26DC2A9700F85118 /* Roboto-Light.ttf in Resources */ = {isa = PBXBuildFile; fileRef = C9F0CE8926DC2A9700F85118 /* Roboto-Light.ttf */; };
		C9F0CE9F26DC2A9700F85118 /* Roboto-Regular.ttf in Resources */ = {isa = PBXBuildFile; fileRef = C9F0CE8A26DC2A9700F85118 /* Roboto-Regular.ttf */; };
		C9F0CEA026DC2A9700F85118 /* Roboto-MediumItalic.ttf in Resources */ = {isa = PBXBuildFile; fileRef = C9F0CE8B26DC2A9700F85118 /* Roboto-MediumItalic.ttf */; };
		C9F0CEA126DC2A9700F85118 /* Roboto-ThinItalic.ttf in Resources */ = {isa = PBXBuildFile; fileRef = C9F0CE8C26DC2A9700F85118 /* Roboto-ThinItalic.ttf */; };
		C9F0CEA226DC2A9700F85118 /* Roboto-BoldItalic.ttf in Resources */ = {isa = PBXBuildFile; fileRef = C9F0CE8D26DC2A9700F85118 /* Roboto-BoldItalic.ttf */; };
		C9F0CEA326DC2A9700F85118 /* Roboto-LightItalic.ttf in Resources */ = {isa = PBXBuildFile; fileRef = C9F0CE8E26DC2A9700F85118 /* Roboto-LightItalic.ttf */; };
		C9F0CEA426DC2A9700F85118 /* Roboto-Italic.ttf in Resources */ = {isa = PBXBuildFile; fileRef = C9F0CE8F26DC2A9700F85118 /* Roboto-Italic.ttf */; };
		C9F0CEA526DC2A9700F85118 /* Roboto-BlackItalic.ttf in Resources */ = {isa = PBXBuildFile; fileRef = C9F0CE9026DC2A9700F85118 /* Roboto-BlackItalic.ttf */; };
		C9F0CEA626DC2A9700F85118 /* Roboto-Bold.ttf in Resources */ = {isa = PBXBuildFile; fileRef = C9F0CE9126DC2A9700F85118 /* Roboto-Bold.ttf */; };
		C9F0CEA726DC2A9700F85118 /* Roboto-Thin.ttf in Resources */ = {isa = PBXBuildFile; fileRef = C9F0CE9226DC2A9700F85118 /* Roboto-Thin.ttf */; };
		C9F0CEA826DC2A9700F85118 /* Roboto-Black.ttf in Resources */ = {isa = PBXBuildFile; fileRef = C9F0CE9326DC2A9700F85118 /* Roboto-Black.ttf */; };
		C9F0CEB026DC2B9B00F85118 /* Localizable.strings in Resources */ = {isa = PBXBuildFile; fileRef = C9F0CEAE26DC2B9B00F85118 /* Localizable.strings */; };
		E2FB6A1CB5424799B78D54D7 /* Pods_Challenge.framework in Frameworks */ = {isa = PBXBuildFile; fileRef = 40EFB40ECB3BEDE7603DF6AD /* Pods_Challenge.framework */; };
/* End PBXBuildFile section */

/* Begin PBXContainerItemProxy section */
		C9EAADFF26DD564000A28468 /* PBXContainerItemProxy */ = {
			isa = PBXContainerItemProxy;
			containerPortal = C9F0CE3F26DC237500F85118 /* Project object */;
			proxyType = 1;
			remoteGlobalIDString = C9F0CE4626DC237500F85118;
			remoteInfo = Challenge;
		};
		C9EAAE0D26DD571300A28468 /* PBXContainerItemProxy */ = {
			isa = PBXContainerItemProxy;
			containerPortal = C9F0CE3F26DC237500F85118 /* Project object */;
			proxyType = 1;
			remoteGlobalIDString = C9F0CE4626DC237500F85118;
			remoteInfo = Challenge;
		};
		C9F0CE6926DC238900F85118 /* PBXContainerItemProxy */ = {
			isa = PBXContainerItemProxy;
			containerPortal = C9F0CE3F26DC237500F85118 /* Project object */;
			proxyType = 1;
			remoteGlobalIDString = C9F0CE4626DC237500F85118;
			remoteInfo = Challenge;
		};
/* End PBXContainerItemProxy section */

/* Begin PBXFileReference section */
		37F56AE7102BE527EB9E7B10 /* Pods-Challenge.debug.xcconfig */ = {isa = PBXFileReference; includeInIndex = 1; lastKnownFileType = text.xcconfig; name = "Pods-Challenge.debug.xcconfig"; path = "Target Support Files/Pods-Challenge/Pods-Challenge.debug.xcconfig"; sourceTree = "<group>"; };
		40EFB40ECB3BEDE7603DF6AD /* Pods_Challenge.framework */ = {isa = PBXFileReference; explicitFileType = wrapper.framework; includeInIndex = 0; path = Pods_Challenge.framework; sourceTree = BUILT_PRODUCTS_DIR; };
		934729FB0CBBBA6444C9897E /* Pods-Challenge.release.xcconfig */ = {isa = PBXFileReference; includeInIndex = 1; lastKnownFileType = text.xcconfig; name = "Pods-Challenge.release.xcconfig"; path = "Target Support Files/Pods-Challenge/Pods-Challenge.release.xcconfig"; sourceTree = "<group>"; };
		C9024D3B26DC3254004B39E6 /* MainViewController.swift */ = {isa = PBXFileReference; lastKnownFileType = sourcecode.swift; path = MainViewController.swift; sourceTree = "<group>"; };
		C9024D3D26DC33B4004B39E6 /* SceneDelegate.swift */ = {isa = PBXFileReference; fileEncoding = 4; lastKnownFileType = sourcecode.swift; path = SceneDelegate.swift; sourceTree = "<group>"; };
		C9024D4626DC3A3E004B39E6 /* Constants.swift */ = {isa = PBXFileReference; lastKnownFileType = sourcecode.swift; path = Constants.swift; sourceTree = "<group>"; };
		C9024D5F26DC4D33004B39E6 /* NavigationViewController.swift */ = {isa = PBXFileReference; lastKnownFileType = sourcecode.swift; path = NavigationViewController.swift; sourceTree = "<group>"; };
		C9024D6C26DC7854004B39E6 /* String+localize.swift */ = {isa = PBXFileReference; fileEncoding = 4; lastKnownFileType = sourcecode.swift; path = "String+localize.swift"; sourceTree = "<group>"; };
		C976F4F726E1031900E25531 /* StarView.swift */ = {isa = PBXFileReference; lastKnownFileType = sourcecode.swift; path = StarView.swift; sourceTree = "<group>"; };
		C976F4F926E10AA300E25531 /* UIStackView+removeAll.swift */ = {isa = PBXFileReference; fileEncoding = 4; lastKnownFileType = sourcecode.swift; path = "UIStackView+removeAll.swift"; sourceTree = "<group>"; };
		C976F4FB26E10EBA00E25531 /* SplashScreenView.swift */ = {isa = PBXFileReference; lastKnownFileType = sourcecode.swift; path = SplashScreenView.swift; sourceTree = "<group>"; };
		C97D4CA826E186FA00FFCFBA /* SearchNewFiltersRequest.swift */ = {isa = PBXFileReference; lastKnownFileType = sourcecode.swift; path = SearchNewFiltersRequest.swift; sourceTree = "<group>"; };
		C97D4CAC26E18A9400FFCFBA /* Encodable+Dictionary.swift */ = {isa = PBXFileReference; fileEncoding = 4; lastKnownFileType = sourcecode.swift; path = "Encodable+Dictionary.swift"; sourceTree = "<group>"; };
		C97D4CAE26E2BFBD00FFCFBA /* UITextField+Padding.swift */ = {isa = PBXFileReference; fileEncoding = 4; lastKnownFileType = sourcecode.swift; path = "UITextField+Padding.swift"; sourceTree = "<group>"; };
		C97D4CB026E2C54A00FFCFBA /* FiltersModel.swift */ = {isa = PBXFileReference; lastKnownFileType = sourcecode.swift; path = FiltersModel.swift; sourceTree = "<group>"; };
		C97D4CB226E2CF6C00FFCFBA /* ManagerFilters.swift */ = {isa = PBXFileReference; lastKnownFileType = sourcecode.swift; path = ManagerFilters.swift; sourceTree = "<group>"; };
		C9A230DA26DEEDBF00A6B58F /* UIView+SnapKit.swift */ = {isa = PBXFileReference; fileEncoding = 4; lastKnownFileType = sourcecode.swift; path = "UIView+SnapKit.swift"; sourceTree = "<group>"; };
		C9A230F726E00D8700A6B58F /* BaseViewController.swift */ = {isa = PBXFileReference; lastKnownFileType = sourcecode.swift; path = BaseViewController.swift; sourceTree = "<group>"; };
		C9A230FB26E010CC00A6B58F /* NewsModel.swift */ = {isa = PBXFileReference; fileEncoding = 4; lastKnownFileType = sourcecode.swift; path = NewsModel.swift; sourceTree = "<group>"; };
		C9A230FC26E010CC00A6B58F /* GetNewsResponse.swift */ = {isa = PBXFileReference; fileEncoding = 4; lastKnownFileType = sourcecode.swift; path = GetNewsResponse.swift; sourceTree = "<group>"; };
		C9A230FD26E010CC00A6B58F /* NewsFieldsModel.swift */ = {isa = PBXFileReference; fileEncoding = 4; lastKnownFileType = sourcecode.swift; path = NewsFieldsModel.swift; sourceTree = "<group>"; };
		C9A230FE26E010CC00A6B58F /* GetNewsItemResponse.swift */ = {isa = PBXFileReference; fileEncoding = 4; lastKnownFileType = sourcecode.swift; path = GetNewsItemResponse.swift; sourceTree = "<group>"; };
		C9A230FF26E010CC00A6B58F /* GetNewsResult.swift */ = {isa = PBXFileReference; fileEncoding = 4; lastKnownFileType = sourcecode.swift; path = GetNewsResult.swift; sourceTree = "<group>"; };
		C9A2310026E010CC00A6B58F /* GetNewsItemContent.swift */ = {isa = PBXFileReference; fileEncoding = 4; lastKnownFileType = sourcecode.swift; path = GetNewsItemContent.swift; sourceTree = "<group>"; };
		C9A2310726E010D900A6B58F /* BaseResponse.swift */ = {isa = PBXFileReference; fileEncoding = 4; lastKnownFileType = sourcecode.swift; path = BaseResponse.swift; sourceTree = "<group>"; };
		C9A2310A26E0110000A6B58F /* APIClient.swift */ = {isa = PBXFileReference; fileEncoding = 4; lastKnownFileType = sourcecode.swift; path = APIClient.swift; sourceTree = "<group>"; };
		C9A2310B26E0110000A6B58F /* CustomURLEncoding.swift */ = {isa = PBXFileReference; fileEncoding = 4; lastKnownFileType = sourcecode.swift; path = CustomURLEncoding.swift; sourceTree = "<group>"; };
		C9A2310D26E0110000A6B58F /* Environment.swift */ = {isa = PBXFileReference; fileEncoding = 4; lastKnownFileType = sourcecode.swift; path = Environment.swift; sourceTree = "<group>"; };
		C9A2310E26E0110000A6B58F /* APIEnvironment.swift */ = {isa = PBXFileReference; fileEncoding = 4; lastKnownFileType = sourcecode.swift; path = APIEnvironment.swift; sourceTree = "<group>"; };
		C9A2310F26E0110000A6B58F /* APIErrorHandler.swift */ = {isa = PBXFileReference; fileEncoding = 4; lastKnownFileType = sourcecode.swift; path = APIErrorHandler.swift; sourceTree = "<group>"; };
		C9A2311126E0110000A6B58F /* NewsServices.swift */ = {isa = PBXFileReference; fileEncoding = 4; lastKnownFileType = sourcecode.swift; path = NewsServices.swift; sourceTree = "<group>"; };
		C9A2311826E0114800A6B58F /* Date+TimeAgo.swift */ = {isa = PBXFileReference; fileEncoding = 4; lastKnownFileType = sourcecode.swift; path = "Date+TimeAgo.swift"; sourceTree = "<group>"; };
		C9A2311926E0114800A6B58F /* String+Date.swift */ = {isa = PBXFileReference; fileEncoding = 4; lastKnownFileType = sourcecode.swift; path = "String+Date.swift"; sourceTree = "<group>"; };
		C9A2311C26E0115A00A6B58F /* NewCellItem.swift */ = {isa = PBXFileReference; fileEncoding = 4; lastKnownFileType = sourcecode.swift; path = NewCellItem.swift; sourceTree = "<group>"; };
		C9A2311F26E0116F00A6B58F /* MainPresenter.swift */ = {isa = PBXFileReference; fileEncoding = 4; lastKnownFileType = sourcecode.swift; path = MainPresenter.swift; sourceTree = "<group>"; };
		C9C9DD4826E05EEB00F563E4 /* NewDetailPresenter.swift */ = {isa = PBXFileReference; fileEncoding = 4; lastKnownFileType = sourcecode.swift; path = NewDetailPresenter.swift; sourceTree = "<group>"; };
		C9C9DD4A26E05F0F00F563E4 /* DetailNewViewController.swift */ = {isa = PBXFileReference; fileEncoding = 4; lastKnownFileType = sourcecode.swift; path = DetailNewViewController.swift; sourceTree = "<group>"; };
		C9C9DD4C26E05F7900F563E4 /* String+HTML.swift */ = {isa = PBXFileReference; fileEncoding = 4; lastKnownFileType = sourcecode.swift; path = "String+HTML.swift"; sourceTree = "<group>"; };
		C9C9DD4E26E0639C00F563E4 /* FilterViewController.swift */ = {isa = PBXFileReference; lastKnownFileType = sourcecode.swift; path = FilterViewController.swift; sourceTree = "<group>"; };
		C9C9DD5026E0656A00F563E4 /* FilterPresenter.swift */ = {isa = PBXFileReference; lastKnownFileType = sourcecode.swift; path = FilterPresenter.swift; sourceTree = "<group>"; };
		C9C9DD5226E079F300F563E4 /* StarRatingView.swift */ = {isa = PBXFileReference; lastKnownFileType = sourcecode.swift; path = StarRatingView.swift; sourceTree = "<group>"; };
		C9C9DD5426E07A9E00F563E4 /* BaseView.swift */ = {isa = PBXFileReference; lastKnownFileType = sourcecode.swift; path = BaseView.swift; sourceTree = "<group>"; };
		C9EAADFA26DD564000A28468 /* ChallengeTestsEndToEnd.xctest */ = {isa = PBXFileReference; explicitFileType = wrapper.cfbundle; includeInIndex = 0; path = ChallengeTestsEndToEnd.xctest; sourceTree = BUILT_PRODUCTS_DIR; };
		C9EAADFC26DD564000A28468 /* ChallengeTestsEndToEnd.swift */ = {isa = PBXFileReference; lastKnownFileType = sourcecode.swift; path = ChallengeTestsEndToEnd.swift; sourceTree = "<group>"; };
		C9EAADFE26DD564000A28468 /* Info.plist */ = {isa = PBXFileReference; lastKnownFileType = text.plist.xml; path = Info.plist; sourceTree = "<group>"; };
		C9EAAE0826DD571300A28468 /* ChallengeTests.xctest */ = {isa = PBXFileReference; explicitFileType = wrapper.cfbundle; includeInIndex = 0; path = ChallengeTests.xctest; sourceTree = BUILT_PRODUCTS_DIR; };
		C9EAAE0A26DD571300A28468 /* ChallengeTests.swift */ = {isa = PBXFileReference; lastKnownFileType = sourcecode.swift; path = ChallengeTests.swift; sourceTree = "<group>"; };
		C9EAAE0C26DD571300A28468 /* Info.plist */ = {isa = PBXFileReference; lastKnownFileType = text.plist.xml; path = Info.plist; sourceTree = "<group>"; };
		C9F0CE4726DC237500F85118 /* Challenge.app */ = {isa = PBXFileReference; explicitFileType = wrapper.application; includeInIndex = 0; path = Challenge.app; sourceTree = BUILT_PRODUCTS_DIR; };
		C9F0CE4A26DC237500F85118 /* AppDelegate.swift */ = {isa = PBXFileReference; lastKnownFileType = sourcecode.swift; path = AppDelegate.swift; sourceTree = "<group>"; };
		C9F0CE5326DC238700F85118 /* Assets.xcassets */ = {isa = PBXFileReference; lastKnownFileType = folder.assetcatalog; path = Assets.xcassets; sourceTree = "<group>"; };
		C9F0CE6826DC238900F85118 /* ChallengeUITests.xctest */ = {isa = PBXFileReference; explicitFileType = wrapper.cfbundle; includeInIndex = 0; path = ChallengeUITests.xctest; sourceTree = BUILT_PRODUCTS_DIR; };
		C9F0CE6C26DC238900F85118 /* ChallengeUITests.swift */ = {isa = PBXFileReference; lastKnownFileType = sourcecode.swift; path = ChallengeUITests.swift; sourceTree = "<group>"; };
		C9F0CE6E26DC238900F85118 /* Info.plist */ = {isa = PBXFileReference; lastKnownFileType = text.plist.xml; path = Info.plist; sourceTree = "<group>"; };
		C9F0CE8126DC26AA00F85118 /* Assets.swift */ = {isa = PBXFileReference; fileEncoding = 4; lastKnownFileType = sourcecode.swift; path = Assets.swift; sourceTree = "<group>"; };
		C9F0CE8226DC26AA00F85118 /* Fonts.swift */ = {isa = PBXFileReference; fileEncoding = 4; lastKnownFileType = sourcecode.swift; path = Fonts.swift; sourceTree = "<group>"; };
		C9F0CE8326DC26AA00F85118 /* Theme.swift */ = {isa = PBXFileReference; fileEncoding = 4; lastKnownFileType = sourcecode.swift; path = Theme.swift; sourceTree = "<group>"; };
		C9F0CE8826DC2A9700F85118 /* Roboto-Medium.ttf */ = {isa = PBXFileReference; lastKnownFileType = file; path = "Roboto-Medium.ttf"; sourceTree = "<group>"; };
		C9F0CE8926DC2A9700F85118 /* Roboto-Light.ttf */ = {isa = PBXFileReference; lastKnownFileType = file; path = "Roboto-Light.ttf"; sourceTree = "<group>"; };
		C9F0CE8A26DC2A9700F85118 /* Roboto-Regular.ttf */ = {isa = PBXFileReference; lastKnownFileType = file; path = "Roboto-Regular.ttf"; sourceTree = "<group>"; };
		C9F0CE8B26DC2A9700F85118 /* Roboto-MediumItalic.ttf */ = {isa = PBXFileReference; lastKnownFileType = file; path = "Roboto-MediumItalic.ttf"; sourceTree = "<group>"; };
		C9F0CE8C26DC2A9700F85118 /* Roboto-ThinItalic.ttf */ = {isa = PBXFileReference; lastKnownFileType = file; path = "Roboto-ThinItalic.ttf"; sourceTree = "<group>"; };
		C9F0CE8D26DC2A9700F85118 /* Roboto-BoldItalic.ttf */ = {isa = PBXFileReference; lastKnownFileType = file; path = "Roboto-BoldItalic.ttf"; sourceTree = "<group>"; };
		C9F0CE8E26DC2A9700F85118 /* Roboto-LightItalic.ttf */ = {isa = PBXFileReference; lastKnownFileType = file; path = "Roboto-LightItalic.ttf"; sourceTree = "<group>"; };
		C9F0CE8F26DC2A9700F85118 /* Roboto-Italic.ttf */ = {isa = PBXFileReference; lastKnownFileType = file; path = "Roboto-Italic.ttf"; sourceTree = "<group>"; };
		C9F0CE9026DC2A9700F85118 /* Roboto-BlackItalic.ttf */ = {isa = PBXFileReference; lastKnownFileType = file; path = "Roboto-BlackItalic.ttf"; sourceTree = "<group>"; };
		C9F0CE9126DC2A9700F85118 /* Roboto-Bold.ttf */ = {isa = PBXFileReference; lastKnownFileType = file; path = "Roboto-Bold.ttf"; sourceTree = "<group>"; };
		C9F0CE9226DC2A9700F85118 /* Roboto-Thin.ttf */ = {isa = PBXFileReference; lastKnownFileType = file; path = "Roboto-Thin.ttf"; sourceTree = "<group>"; };
		C9F0CE9326DC2A9700F85118 /* Roboto-Black.ttf */ = {isa = PBXFileReference; lastKnownFileType = file; path = "Roboto-Black.ttf"; sourceTree = "<group>"; };
		C9F0CE9926DC2A9700F85118 /* LaunchScreen.storyboard */ = {isa = PBXFileReference; lastKnownFileType = file.storyboard; path = LaunchScreen.storyboard; sourceTree = "<group>"; };
		C9F0CEAF26DC2B9B00F85118 /* en */ = {isa = PBXFileReference; lastKnownFileType = text.plist.strings; name = en; path = en.lproj/Localizable.strings; sourceTree = "<group>"; };
		C9F0CEB126DC2BA500F85118 /* es */ = {isa = PBXFileReference; lastKnownFileType = text.plist.strings; name = es; path = es.lproj/Localizable.strings; sourceTree = "<group>"; };
		C9F0CEB526DC2C7700F85118 /* Info.plist */ = {isa = PBXFileReference; fileEncoding = 4; lastKnownFileType = text.plist.xml; path = Info.plist; sourceTree = "<group>"; };
/* End PBXFileReference section */

/* Begin PBXFrameworksBuildPhase section */
		C9EAADF726DD564000A28468 /* Frameworks */ = {
			isa = PBXFrameworksBuildPhase;
			buildActionMask = 2147483647;
			files = (
			);
			runOnlyForDeploymentPostprocessing = 0;
		};
		C9EAAE0526DD571300A28468 /* Frameworks */ = {
			isa = PBXFrameworksBuildPhase;
			buildActionMask = 2147483647;
			files = (
			);
			runOnlyForDeploymentPostprocessing = 0;
		};
		C9F0CE4426DC237500F85118 /* Frameworks */ = {
			isa = PBXFrameworksBuildPhase;
			buildActionMask = 2147483647;
			files = (
				E2FB6A1CB5424799B78D54D7 /* Pods_Challenge.framework in Frameworks */,
			);
			runOnlyForDeploymentPostprocessing = 0;
		};
		C9F0CE6526DC238900F85118 /* Frameworks */ = {
			isa = PBXFrameworksBuildPhase;
			buildActionMask = 2147483647;
			files = (
			);
			runOnlyForDeploymentPostprocessing = 0;
		};
/* End PBXFrameworksBuildPhase section */

/* Begin PBXGroup section */
		1C8DC132F02D93883031D64E /* Pods */ = {
			isa = PBXGroup;
			children = (
				37F56AE7102BE527EB9E7B10 /* Pods-Challenge.debug.xcconfig */,
				934729FB0CBBBA6444C9897E /* Pods-Challenge.release.xcconfig */,
			);
			path = Pods;
			sourceTree = "<group>";
		};
		72698875057EB0DC160C5993 /* Frameworks */ = {
			isa = PBXGroup;
			children = (
				40EFB40ECB3BEDE7603DF6AD /* Pods_Challenge.framework */,
			);
			name = Frameworks;
			sourceTree = "<group>";
		};
		C9024D4426DC3A2A004B39E6 /* Utils */ = {
			isa = PBXGroup;
			children = (
				C9024D4526DC3A33004B39E6 /* Constants */,
				C9024D6326DC56DF004B39E6 /* Extentions */,
				C97D4CB226E2CF6C00FFCFBA /* ManagerFilters.swift */,
			);
			path = Utils;
			sourceTree = "<group>";
		};
		C9024D4526DC3A33004B39E6 /* Constants */ = {
			isa = PBXGroup;
			children = (
				C9024D4626DC3A3E004B39E6 /* Constants.swift */,
			);
			path = Constants;
			sourceTree = "<group>";
		};
		C9024D6326DC56DF004B39E6 /* Extentions */ = {
			isa = PBXGroup;
			children = (
				C9A2311826E0114800A6B58F /* Date+TimeAgo.swift */,
				C97D4CAC26E18A9400FFCFBA /* Encodable+Dictionary.swift */,
				C9A2311926E0114800A6B58F /* String+Date.swift */,
				C9C9DD4C26E05F7900F563E4 /* String+HTML.swift */,
				C9024D6C26DC7854004B39E6 /* String+localize.swift */,
				C976F4F926E10AA300E25531 /* UIStackView+removeAll.swift */,
				C97D4CAE26E2BFBD00FFCFBA /* UITextField+Padding.swift */,
				C9A230DA26DEEDBF00A6B58F /* UIView+SnapKit.swift */,
			);
			path = Extentions;
			sourceTree = "<group>";
		};
		C97D4CAA26E1875200FFCFBA /* Requests */ = {
			isa = PBXGroup;
			children = (
				C97D4CA826E186FA00FFCFBA /* SearchNewFiltersRequest.swift */,
			);
			path = Requests;
			sourceTree = "<group>";
		};
		C97D4CAB26E1875C00FFCFBA /* Responses */ = {
			isa = PBXGroup;
			children = (
				C9A230FC26E010CC00A6B58F /* GetNewsResponse.swift */,
				C9A230FE26E010CC00A6B58F /* GetNewsItemResponse.swift */,
			);
			path = Responses;
			sourceTree = "<group>";
		};
		C9A230F926E010AD00A6B58F /* Models */ = {
			isa = PBXGroup;
			children = (
				C9A230FA26E010CC00A6B58F /* News */,
				C9A2310726E010D900A6B58F /* BaseResponse.swift */,
				C97D4CB026E2C54A00FFCFBA /* FiltersModel.swift */,
			);
			path = Models;
			sourceTree = "<group>";
		};
		C9A230FA26E010CC00A6B58F /* News */ = {
			isa = PBXGroup;
			children = (
				C97D4CAA26E1875200FFCFBA /* Requests */,
				C97D4CAB26E1875C00FFCFBA /* Responses */,
				C9A230FD26E010CC00A6B58F /* NewsFieldsModel.swift */,
				C9A230FB26E010CC00A6B58F /* NewsModel.swift */,
				C9A230FF26E010CC00A6B58F /* GetNewsResult.swift */,
				C9A2310026E010CC00A6B58F /* GetNewsItemContent.swift */,
			);
			path = News;
			sourceTree = "<group>";
		};
		C9A2310926E0110000A6B58F /* Networking */ = {
			isa = PBXGroup;
			children = (
				C9A2310C26E0110000A6B58F /* Environment */,
				C9A2311026E0110000A6B58F /* Services */,
				C9A2310A26E0110000A6B58F /* APIClient.swift */,
				C9A2310B26E0110000A6B58F /* CustomURLEncoding.swift */,
				C9A2310F26E0110000A6B58F /* APIErrorHandler.swift */,
			);
			path = Networking;
			sourceTree = "<group>";
		};
		C9A2310C26E0110000A6B58F /* Environment */ = {
			isa = PBXGroup;
			children = (
				C9A2310D26E0110000A6B58F /* Environment.swift */,
				C9A2310E26E0110000A6B58F /* APIEnvironment.swift */,
			);
			path = Environment;
			sourceTree = "<group>";
		};
		C9A2311026E0110000A6B58F /* Services */ = {
			isa = PBXGroup;
			children = (
				C9A2311126E0110000A6B58F /* NewsServices.swift */,
			);
			path = Services;
			sourceTree = "<group>";
		};
		C9A2311E26E0116F00A6B58F /* Presenters */ = {
			isa = PBXGroup;
			children = (
				C9C9DD5026E0656A00F563E4 /* FilterPresenter.swift */,
				C9A2311F26E0116F00A6B58F /* MainPresenter.swift */,
				C9C9DD4826E05EEB00F563E4 /* NewDetailPresenter.swift */,
			);
			path = Presenters;
			sourceTree = "<group>";
		};
		C9EAADFB26DD564000A28468 /* ChallengeTestsEndToEnd */ = {
			isa = PBXGroup;
			children = (
				C9EAADFC26DD564000A28468 /* ChallengeTestsEndToEnd.swift */,
				C9EAADFE26DD564000A28468 /* Info.plist */,
			);
			path = ChallengeTestsEndToEnd;
			sourceTree = "<group>";
		};
		C9EAAE0926DD571300A28468 /* ChallengeTests */ = {
			isa = PBXGroup;
			children = (
				C9EAAE1226DD723D00A28468 /* Mocks */,
				C9EAAE0A26DD571300A28468 /* ChallengeTests.swift */,
				C9EAAE0C26DD571300A28468 /* Info.plist */,
			);
			path = ChallengeTests;
			sourceTree = "<group>";
		};
		C9EAAE1226DD723D00A28468 /* Mocks */ = {
			isa = PBXGroup;
			children = (
			);
			path = Mocks;
			sourceTree = "<group>";
		};
		C9F0CE3E26DC237500F85118 = {
			isa = PBXGroup;
			children = (
				C9F0CE4926DC237500F85118 /* Challenge */,
				C9F0CE6B26DC238900F85118 /* ChallengeUITests */,
				C9EAADFB26DD564000A28468 /* ChallengeTestsEndToEnd */,
				C9EAAE0926DD571300A28468 /* ChallengeTests */,
				C9F0CE4826DC237500F85118 /* Products */,
				1C8DC132F02D93883031D64E /* Pods */,
				72698875057EB0DC160C5993 /* Frameworks */,
			);
			sourceTree = "<group>";
		};
		C9F0CE4826DC237500F85118 /* Products */ = {
			isa = PBXGroup;
			children = (
				C9F0CE4726DC237500F85118 /* Challenge.app */,
				C9F0CE6826DC238900F85118 /* ChallengeUITests.xctest */,
				C9EAADFA26DD564000A28468 /* ChallengeTestsEndToEnd.xctest */,
				C9EAAE0826DD571300A28468 /* ChallengeTests.xctest */,
			);
			name = Products;
			sourceTree = "<group>";
		};
		C9F0CE4926DC237500F85118 /* Challenge */ = {
			isa = PBXGroup;
			children = (
				C9F0CE7A26DC251300F85118 /* Application */,
				C9A230F926E010AD00A6B58F /* Models */,
				C9A2310926E0110000A6B58F /* Networking */,
				C9A2311E26E0116F00A6B58F /* Presenters */,
				C9F0CE8026DC256600F85118 /* Resources */,
				C9024D4426DC3A2A004B39E6 /* Utils */,
				C9F0CE7D26DC254D00F85118 /* ViewControllers */,
				C9F0CE7E26DC255400F85118 /* Views */,
			);
			path = Challenge;
			sourceTree = "<group>";
		};
		C9F0CE6B26DC238900F85118 /* ChallengeUITests */ = {
			isa = PBXGroup;
			children = (
				C9F0CE6C26DC238900F85118 /* ChallengeUITests.swift */,
				C9F0CE6E26DC238900F85118 /* Info.plist */,
			);
			path = ChallengeUITests;
			sourceTree = "<group>";
		};
		C9F0CE7A26DC251300F85118 /* Application */ = {
			isa = PBXGroup;
			children = (
				C9F0CE4A26DC237500F85118 /* AppDelegate.swift */,
				C9F0CE8126DC26AA00F85118 /* Assets.swift */,
				C9F0CE8226DC26AA00F85118 /* Fonts.swift */,
				C9024D3D26DC33B4004B39E6 /* SceneDelegate.swift */,
				C9F0CE8326DC26AA00F85118 /* Theme.swift */,
			);
			path = Application;
			sourceTree = "<group>";
		};
		C9F0CE7D26DC254D00F85118 /* ViewControllers */ = {
			isa = PBXGroup;
			children = (
				C9A230F726E00D8700A6B58F /* BaseViewController.swift */,
				C9C9DD4A26E05F0F00F563E4 /* DetailNewViewController.swift */,
				C9C9DD4E26E0639C00F563E4 /* FilterViewController.swift */,
				C9024D3B26DC3254004B39E6 /* MainViewController.swift */,
				C9024D5F26DC4D33004B39E6 /* NavigationViewController.swift */,
			);
			path = ViewControllers;
			sourceTree = "<group>";
		};
		C9F0CE7E26DC255400F85118 /* Views */ = {
			isa = PBXGroup;
			children = (
				C9C9DD5426E07A9E00F563E4 /* BaseView.swift */,
				C9A2311C26E0115A00A6B58F /* NewCellItem.swift */,
				C976F4FB26E10EBA00E25531 /* SplashScreenView.swift */,
				C9C9DD5226E079F300F563E4 /* StarRatingView.swift */,
				C976F4F726E1031900E25531 /* StarView.swift */,
			);
			path = Views;
			sourceTree = "<group>";
		};
		C9F0CE8026DC256600F85118 /* Resources */ = {
			isa = PBXGroup;
			children = (
				C9F0CE8726DC2A9700F85118 /* Fonts */,
				C9F0CE5326DC238700F85118 /* Assets.xcassets */,
				C9F0CEB526DC2C7700F85118 /* Info.plist */,
				C9F0CEAE26DC2B9B00F85118 /* Localizable.strings */,
				C9F0CE9926DC2A9700F85118 /* LaunchScreen.storyboard */,
			);
			path = Resources;
			sourceTree = "<group>";
		};
		C9F0CE8726DC2A9700F85118 /* Fonts */ = {
			isa = PBXGroup;
			children = (
				C9F0CE8826DC2A9700F85118 /* Roboto-Medium.ttf */,
				C9F0CE8926DC2A9700F85118 /* Roboto-Light.ttf */,
				C9F0CE8A26DC2A9700F85118 /* Roboto-Regular.ttf */,
				C9F0CE8B26DC2A9700F85118 /* Roboto-MediumItalic.ttf */,
				C9F0CE8C26DC2A9700F85118 /* Roboto-ThinItalic.ttf */,
				C9F0CE8D26DC2A9700F85118 /* Roboto-BoldItalic.ttf */,
				C9F0CE8E26DC2A9700F85118 /* Roboto-LightItalic.ttf */,
				C9F0CE8F26DC2A9700F85118 /* Roboto-Italic.ttf */,
				C9F0CE9026DC2A9700F85118 /* Roboto-BlackItalic.ttf */,
				C9F0CE9126DC2A9700F85118 /* Roboto-Bold.ttf */,
				C9F0CE9226DC2A9700F85118 /* Roboto-Thin.ttf */,
				C9F0CE9326DC2A9700F85118 /* Roboto-Black.ttf */,
			);
			path = Fonts;
			sourceTree = "<group>";
		};
/* End PBXGroup section */

/* Begin PBXNativeTarget section */
		C9EAADF926DD564000A28468 /* ChallengeTestsEndToEnd */ = {
			isa = PBXNativeTarget;
			buildConfigurationList = C9EAAE0126DD564000A28468 /* Build configuration list for PBXNativeTarget "ChallengeTestsEndToEnd" */;
			buildPhases = (
				C9EAADF626DD564000A28468 /* Sources */,
				C9EAADF726DD564000A28468 /* Frameworks */,
				C9EAADF826DD564000A28468 /* Resources */,
			);
			buildRules = (
			);
			dependencies = (
				C9EAAE0026DD564000A28468 /* PBXTargetDependency */,
			);
			name = ChallengeTestsEndToEnd;
			productName = ChallengeTestsEndToEnd;
			productReference = C9EAADFA26DD564000A28468 /* ChallengeTestsEndToEnd.xctest */;
			productType = "com.apple.product-type.bundle.unit-test";
		};
		C9EAAE0726DD571300A28468 /* ChallengeTests */ = {
			isa = PBXNativeTarget;
			buildConfigurationList = C9EAAE0F26DD571300A28468 /* Build configuration list for PBXNativeTarget "ChallengeTests" */;
			buildPhases = (
				C9EAAE0426DD571300A28468 /* Sources */,
				C9EAAE0526DD571300A28468 /* Frameworks */,
				C9EAAE0626DD571300A28468 /* Resources */,
			);
			buildRules = (
			);
			dependencies = (
				C9EAAE0E26DD571300A28468 /* PBXTargetDependency */,
			);
			name = ChallengeTests;
			productName = ChallengeTests;
			productReference = C9EAAE0826DD571300A28468 /* ChallengeTests.xctest */;
			productType = "com.apple.product-type.bundle.unit-test";
		};
		C9F0CE4626DC237500F85118 /* Challenge */ = {
			isa = PBXNativeTarget;
			buildConfigurationList = C9F0CE7126DC238900F85118 /* Build configuration list for PBXNativeTarget "Challenge" */;
			buildPhases = (
				D204F2E2051E2CDEB83EB05A /* [CP] Check Pods Manifest.lock */,
				C9F0CE4326DC237500F85118 /* Sources */,
				C9F0CE4426DC237500F85118 /* Frameworks */,
				C9F0CE4526DC237500F85118 /* Resources */,
				00B146453057A83E72F48AE9 /* [CP] Embed Pods Frameworks */,
				C9024D5C26DC44F2004B39E6 /* SwiftLint */,
			);
			buildRules = (
			);
			dependencies = (
			);
			name = Challenge;
			productName = Challenge;
			productReference = C9F0CE4726DC237500F85118 /* Challenge.app */;
			productType = "com.apple.product-type.application";
		};
		C9F0CE6726DC238900F85118 /* ChallengeUITests */ = {
			isa = PBXNativeTarget;
			buildConfigurationList = C9F0CE7726DC238900F85118 /* Build configuration list for PBXNativeTarget "ChallengeUITests" */;
			buildPhases = (
				C9F0CE6426DC238900F85118 /* Sources */,
				C9F0CE6526DC238900F85118 /* Frameworks */,
				C9F0CE6626DC238900F85118 /* Resources */,
			);
			buildRules = (
			);
			dependencies = (
				C9F0CE6A26DC238900F85118 /* PBXTargetDependency */,
			);
			name = ChallengeUITests;
			productName = ChallengeUITests;
			productReference = C9F0CE6826DC238900F85118 /* ChallengeUITests.xctest */;
			productType = "com.apple.product-type.bundle.ui-testing";
		};
/* End PBXNativeTarget section */

/* Begin PBXProject section */
		C9F0CE3F26DC237500F85118 /* Project object */ = {
			isa = PBXProject;
			attributes = {
				LastSwiftUpdateCheck = 1250;
				LastUpgradeCheck = 1250;
				TargetAttributes = {
					C9EAADF926DD564000A28468 = {
						CreatedOnToolsVersion = 12.5;
						TestTargetID = C9F0CE4626DC237500F85118;
					};
					C9EAAE0726DD571300A28468 = {
						CreatedOnToolsVersion = 12.5;
						TestTargetID = C9F0CE4626DC237500F85118;
					};
					C9F0CE4626DC237500F85118 = {
						CreatedOnToolsVersion = 12.5;
					};
					C9F0CE6726DC238900F85118 = {
						CreatedOnToolsVersion = 12.5;
						TestTargetID = C9F0CE4626DC237500F85118;
					};
				};
			};
			buildConfigurationList = C9F0CE4226DC237500F85118 /* Build configuration list for PBXProject "Challenge" */;
			compatibilityVersion = "Xcode 9.3";
			developmentRegion = en;
			hasScannedForEncodings = 0;
			knownRegions = (
				en,
				Base,
				es,
			);
			mainGroup = C9F0CE3E26DC237500F85118;
			productRefGroup = C9F0CE4826DC237500F85118 /* Products */;
			projectDirPath = "";
			projectRoot = "";
			targets = (
				C9F0CE4626DC237500F85118 /* Challenge */,
				C9F0CE6726DC238900F85118 /* ChallengeUITests */,
				C9EAADF926DD564000A28468 /* ChallengeTestsEndToEnd */,
				C9EAAE0726DD571300A28468 /* ChallengeTests */,
			);
		};
/* End PBXProject section */

/* Begin PBXResourcesBuildPhase section */
		C9EAADF826DD564000A28468 /* Resources */ = {
			isa = PBXResourcesBuildPhase;
			buildActionMask = 2147483647;
			files = (
			);
			runOnlyForDeploymentPostprocessing = 0;
		};
		C9EAAE0626DD571300A28468 /* Resources */ = {
			isa = PBXResourcesBuildPhase;
			buildActionMask = 2147483647;
			files = (
			);
			runOnlyForDeploymentPostprocessing = 0;
		};
		C9F0CE4526DC237500F85118 /* Resources */ = {
			isa = PBXResourcesBuildPhase;
			buildActionMask = 2147483647;
			files = (
				C9F0CEA726DC2A9700F85118 /* Roboto-Thin.ttf in Resources */,
				C9F0CEA226DC2A9700F85118 /* Roboto-BoldItalic.ttf in Resources */,
				C9F0CEA826DC2A9700F85118 /* Roboto-Black.ttf in Resources */,
				C9F0CEA626DC2A9700F85118 /* Roboto-Bold.ttf in Resources */,
				C9F0CE9F26DC2A9700F85118 /* Roboto-Regular.ttf in Resources */,
				C9F0CEA326DC2A9700F85118 /* Roboto-LightItalic.ttf in Resources */,
				C9F0CE9D26DC2A9700F85118 /* Roboto-Medium.ttf in Resources */,
				C9024D3426DC2E23004B39E6 /* LaunchScreen.storyboard in Resources */,
				C9F0CE9E26DC2A9700F85118 /* Roboto-Light.ttf in Resources */,
				C9F0CEA126DC2A9700F85118 /* Roboto-ThinItalic.ttf in Resources */,
				C9F0CEB026DC2B9B00F85118 /* Localizable.strings in Resources */,
				C9F0CEA526DC2A9700F85118 /* Roboto-BlackItalic.ttf in Resources */,
				C9F0CEA026DC2A9700F85118 /* Roboto-MediumItalic.ttf in Resources */,
				C9F0CE5426DC238700F85118 /* Assets.xcassets in Resources */,
				C9F0CEA426DC2A9700F85118 /* Roboto-Italic.ttf in Resources */,
			);
			runOnlyForDeploymentPostprocessing = 0;
		};
		C9F0CE6626DC238900F85118 /* Resources */ = {
			isa = PBXResourcesBuildPhase;
			buildActionMask = 2147483647;
			files = (
			);
			runOnlyForDeploymentPostprocessing = 0;
		};
/* End PBXResourcesBuildPhase section */

/* Begin PBXShellScriptBuildPhase section */
		00B146453057A83E72F48AE9 /* [CP] Embed Pods Frameworks */ = {
			isa = PBXShellScriptBuildPhase;
			buildActionMask = 2147483647;
			files = (
			);
			inputFileListPaths = (
				"${PODS_ROOT}/Target Support Files/Pods-Challenge/Pods-Challenge-frameworks-${CONFIGURATION}-input-files.xcfilelist",
			);
			name = "[CP] Embed Pods Frameworks";
			outputFileListPaths = (
				"${PODS_ROOT}/Target Support Files/Pods-Challenge/Pods-Challenge-frameworks-${CONFIGURATION}-output-files.xcfilelist",
			);
			runOnlyForDeploymentPostprocessing = 0;
			shellPath = /bin/sh;
			shellScript = "\"${PODS_ROOT}/Target Support Files/Pods-Challenge/Pods-Challenge-frameworks.sh\"\n";
			showEnvVarsInLog = 0;
		};
		C9024D5C26DC44F2004B39E6 /* SwiftLint */ = {
			isa = PBXShellScriptBuildPhase;
			buildActionMask = 2147483647;
			files = (
			);
			inputFileListPaths = (
			);
			inputPaths = (
			);
			name = SwiftLint;
			outputFileListPaths = (
			);
			outputPaths = (
			);
			runOnlyForDeploymentPostprocessing = 0;
			shellPath = /bin/sh;
			shellScript = "if which swiftlint >/dev/null; then\n  swiftlint\nelse\n  echo \"warning: SwiftLint not installed, download from https://github.com/realm/SwiftLint\"\nfi\n";
		};
		D204F2E2051E2CDEB83EB05A /* [CP] Check Pods Manifest.lock */ = {
			isa = PBXShellScriptBuildPhase;
			buildActionMask = 2147483647;
			files = (
			);
			inputFileListPaths = (
			);
			inputPaths = (
				"${PODS_PODFILE_DIR_PATH}/Podfile.lock",
				"${PODS_ROOT}/Manifest.lock",
			);
			name = "[CP] Check Pods Manifest.lock";
			outputFileListPaths = (
			);
			outputPaths = (
				"$(DERIVED_FILE_DIR)/Pods-Challenge-checkManifestLockResult.txt",
			);
			runOnlyForDeploymentPostprocessing = 0;
			shellPath = /bin/sh;
			shellScript = "diff \"${PODS_PODFILE_DIR_PATH}/Podfile.lock\" \"${PODS_ROOT}/Manifest.lock\" > /dev/null\nif [ $? != 0 ] ; then\n    # print error to STDERR\n    echo \"error: The sandbox is not in sync with the Podfile.lock. Run 'pod install' or update your CocoaPods installation.\" >&2\n    exit 1\nfi\n# This output is used by Xcode 'outputs' to avoid re-running this script phase.\necho \"SUCCESS\" > \"${SCRIPT_OUTPUT_FILE_0}\"\n";
			showEnvVarsInLog = 0;
		};
/* End PBXShellScriptBuildPhase section */

/* Begin PBXSourcesBuildPhase section */
		C9EAADF626DD564000A28468 /* Sources */ = {
			isa = PBXSourcesBuildPhase;
			buildActionMask = 2147483647;
			files = (
				C9EAADFD26DD564000A28468 /* ChallengeTestsEndToEnd.swift in Sources */,
			);
			runOnlyForDeploymentPostprocessing = 0;
		};
		C9EAAE0426DD571300A28468 /* Sources */ = {
			isa = PBXSourcesBuildPhase;
			buildActionMask = 2147483647;
			files = (
				C9EAAE0B26DD571300A28468 /* ChallengeTests.swift in Sources */,
			);
			runOnlyForDeploymentPostprocessing = 0;
		};
		C9F0CE4326DC237500F85118 /* Sources */ = {
			isa = PBXSourcesBuildPhase;
			buildActionMask = 2147483647;
			files = (
				C9A2310426E010CC00A6B58F /* GetNewsItemResponse.swift in Sources */,
				C9A2311626E0110000A6B58F /* APIErrorHandler.swift in Sources */,
				C9A2311B26E0114800A6B58F /* String+Date.swift in Sources */,
				C97D4CAD26E18A9400FFCFBA /* Encodable+Dictionary.swift in Sources */,
				C9A2310126E010CC00A6B58F /* NewsModel.swift in Sources */,
				C97D4CB326E2CF6C00FFCFBA /* ManagerFilters.swift in Sources */,
				C9C9DD4B26E05F0F00F563E4 /* DetailNewViewController.swift in Sources */,
				C9024D4026DC37B0004B39E6 /* AppDelegate.swift in Sources */,
				C9C9DD4926E05EEB00F563E4 /* NewDetailPresenter.swift in Sources */,
				C97D4CA926E186FA00FFCFBA /* SearchNewFiltersRequest.swift in Sources */,
				C9A230DB26DEEDC000A6B58F /* UIView+SnapKit.swift in Sources */,
				C976F4FA26E10AA300E25531 /* UIStackView+removeAll.swift in Sources */,
				C9A230F826E00D8700A6B58F /* BaseViewController.swift in Sources */,
				C9A2311A26E0114800A6B58F /* Date+TimeAgo.swift in Sources */,
				C976F4FC26E10EBA00E25531 /* SplashScreenView.swift in Sources */,
				C9A2311D26E0115A00A6B58F /* NewCellItem.swift in Sources */,
				C97D4CB126E2C54A00FFCFBA /* FiltersModel.swift in Sources */,
				C9A2310626E010CC00A6B58F /* GetNewsItemContent.swift in Sources */,
				C9A2311226E0110000A6B58F /* APIClient.swift in Sources */,
				C9024D3C26DC3254004B39E6 /* MainViewController.swift in Sources */,
				C9A2310226E010CC00A6B58F /* GetNewsResponse.swift in Sources */,
				C9024D6D26DC7854004B39E6 /* String+localize.swift in Sources */,
				C9A2311426E0110000A6B58F /* Environment.swift in Sources */,
				C9C9DD5326E079F300F563E4 /* StarRatingView.swift in Sources */,
				C976F4F826E1031900E25531 /* StarView.swift in Sources */,
				C9A2310826E010D900A6B58F /* BaseResponse.swift in Sources */,
				C97D4CAF26E2BFBD00FFCFBA /* UITextField+Padding.swift in Sources */,
				C9F0CE8526DC26AA00F85118 /* Fonts.swift in Sources */,
				C9F0CE8626DC26AA00F85118 /* Theme.swift in Sources */,
				C9A2310526E010CC00A6B58F /* GetNewsResult.swift in Sources */,
				C9A2312026E0116F00A6B58F /* MainPresenter.swift in Sources */,
				C9F0CE8426DC26AA00F85118 /* Assets.swift in Sources */,
				C9A2311326E0110000A6B58F /* CustomURLEncoding.swift in Sources */,
				C9024D6026DC4D33004B39E6 /* NavigationViewController.swift in Sources */,
				C9A2311526E0110000A6B58F /* APIEnvironment.swift in Sources */,
				C9C9DD4F26E0639C00F563E4 /* FilterViewController.swift in Sources */,
				C9024D3E26DC33B4004B39E6 /* SceneDelegate.swift in Sources */,
				C9A2310326E010CC00A6B58F /* NewsFieldsModel.swift in Sources */,
				C9C9DD4D26E05F7900F563E4 /* String+HTML.swift in Sources */,
				C9C9DD5126E0656B00F563E4 /* FilterPresenter.swift in Sources */,
				C9C9DD5526E07A9E00F563E4 /* BaseView.swift in Sources */,
				C9A2311726E0110000A6B58F /* NewsServices.swift in Sources */,
				C9024D4726DC3A3E004B39E6 /* Constants.swift in Sources */,
			);
			runOnlyForDeploymentPostprocessing = 0;
		};
		C9F0CE6426DC238900F85118 /* Sources */ = {
			isa = PBXSourcesBuildPhase;
			buildActionMask = 2147483647;
			files = (
				C9F0CE6D26DC238900F85118 /* ChallengeUITests.swift in Sources */,
			);
			runOnlyForDeploymentPostprocessing = 0;
		};
/* End PBXSourcesBuildPhase section */

/* Begin PBXTargetDependency section */
		C9EAAE0026DD564000A28468 /* PBXTargetDependency */ = {
			isa = PBXTargetDependency;
			target = C9F0CE4626DC237500F85118 /* Challenge */;
			targetProxy = C9EAADFF26DD564000A28468 /* PBXContainerItemProxy */;
		};
		C9EAAE0E26DD571300A28468 /* PBXTargetDependency */ = {
			isa = PBXTargetDependency;
			target = C9F0CE4626DC237500F85118 /* Challenge */;
			targetProxy = C9EAAE0D26DD571300A28468 /* PBXContainerItemProxy */;
		};
		C9F0CE6A26DC238900F85118 /* PBXTargetDependency */ = {
			isa = PBXTargetDependency;
			target = C9F0CE4626DC237500F85118 /* Challenge */;
			targetProxy = C9F0CE6926DC238900F85118 /* PBXContainerItemProxy */;
		};
/* End PBXTargetDependency section */

/* Begin PBXVariantGroup section */
		C9F0CEAE26DC2B9B00F85118 /* Localizable.strings */ = {
			isa = PBXVariantGroup;
			children = (
				C9F0CEAF26DC2B9B00F85118 /* en */,
				C9F0CEB126DC2BA500F85118 /* es */,
			);
			name = Localizable.strings;
			sourceTree = "<group>";
		};
/* End PBXVariantGroup section */

/* Begin XCBuildConfiguration section */
		C9EAAE0226DD564000A28468 /* Debug */ = {
			isa = XCBuildConfiguration;
			buildSettings = {
				BUNDLE_LOADER = "$(TEST_HOST)";
				CODE_SIGN_STYLE = Automatic;
				DEVELOPMENT_TEAM = 7LLTPZQ494;
				INFOPLIST_FILE = ChallengeTestsEndToEnd/Info.plist;
				LD_RUNPATH_SEARCH_PATHS = (
					"$(inherited)",
					"@executable_path/Frameworks",
					"@loader_path/Frameworks",
				);
				PRODUCT_BUNDLE_IDENTIFIER = com.challenge.ChallengeTestsEndToEnd;
				PRODUCT_NAME = "$(TARGET_NAME)";
				SWIFT_VERSION = 5.0;
				TARGETED_DEVICE_FAMILY = "1,2";
				TEST_HOST = "$(BUILT_PRODUCTS_DIR)/Challenge.app/Challenge";
			};
			name = Debug;
		};
		C9EAAE0326DD564000A28468 /* Release */ = {
			isa = XCBuildConfiguration;
			buildSettings = {
				BUNDLE_LOADER = "$(TEST_HOST)";
				CODE_SIGN_STYLE = Automatic;
				DEVELOPMENT_TEAM = 7LLTPZQ494;
				INFOPLIST_FILE = ChallengeTestsEndToEnd/Info.plist;
				LD_RUNPATH_SEARCH_PATHS = (
					"$(inherited)",
					"@executable_path/Frameworks",
					"@loader_path/Frameworks",
				);
				PRODUCT_BUNDLE_IDENTIFIER = com.challenge.ChallengeTestsEndToEnd;
				PRODUCT_NAME = "$(TARGET_NAME)";
				SWIFT_VERSION = 5.0;
				TARGETED_DEVICE_FAMILY = "1,2";
				TEST_HOST = "$(BUILT_PRODUCTS_DIR)/Challenge.app/Challenge";
			};
			name = Release;
		};
		C9EAAE1026DD571300A28468 /* Debug */ = {
			isa = XCBuildConfiguration;
			buildSettings = {
				BUNDLE_LOADER = "$(TEST_HOST)";
				CODE_SIGN_STYLE = Automatic;
				DEVELOPMENT_TEAM = 7LLTPZQ494;
				INFOPLIST_FILE = ChallengeTests/Info.plist;
				LD_RUNPATH_SEARCH_PATHS = (
					"$(inherited)",
					"@executable_path/Frameworks",
					"@loader_path/Frameworks",
				);
				PRODUCT_BUNDLE_IDENTIFIER = com.challenge.ChallengeTests;
				PRODUCT_NAME = "$(TARGET_NAME)";
				SWIFT_VERSION = 5.0;
				TARGETED_DEVICE_FAMILY = "1,2";
				TEST_HOST = "$(BUILT_PRODUCTS_DIR)/Challenge.app/Challenge";
			};
			name = Debug;
		};
		C9EAAE1126DD571300A28468 /* Release */ = {
			isa = XCBuildConfiguration;
			buildSettings = {
				BUNDLE_LOADER = "$(TEST_HOST)";
				CODE_SIGN_STYLE = Automatic;
				DEVELOPMENT_TEAM = 7LLTPZQ494;
				INFOPLIST_FILE = ChallengeTests/Info.plist;
				LD_RUNPATH_SEARCH_PATHS = (
					"$(inherited)",
					"@executable_path/Frameworks",
					"@loader_path/Frameworks",
				);
				PRODUCT_BUNDLE_IDENTIFIER = com.challenge.ChallengeTests;
				PRODUCT_NAME = "$(TARGET_NAME)";
				SWIFT_VERSION = 5.0;
				TARGETED_DEVICE_FAMILY = "1,2";
				TEST_HOST = "$(BUILT_PRODUCTS_DIR)/Challenge.app/Challenge";
			};
			name = Release;
		};
		C9F0CE6F26DC238900F85118 /* Debug */ = {
			isa = XCBuildConfiguration;
			buildSettings = {
				ALWAYS_SEARCH_USER_PATHS = NO;
				CLANG_ANALYZER_NONNULL = YES;
				CLANG_ANALYZER_NUMBER_OBJECT_CONVERSION = YES_AGGRESSIVE;
				CLANG_CXX_LANGUAGE_STANDARD = "gnu++14";
				CLANG_CXX_LIBRARY = "libc++";
				CLANG_ENABLE_MODULES = YES;
				CLANG_ENABLE_OBJC_ARC = YES;
				CLANG_ENABLE_OBJC_WEAK = YES;
				CLANG_WARN_BLOCK_CAPTURE_AUTORELEASING = YES;
				CLANG_WARN_BOOL_CONVERSION = YES;
				CLANG_WARN_COMMA = YES;
				CLANG_WARN_CONSTANT_CONVERSION = YES;
				CLANG_WARN_DEPRECATED_OBJC_IMPLEMENTATIONS = YES;
				CLANG_WARN_DIRECT_OBJC_ISA_USAGE = YES_ERROR;
				CLANG_WARN_DOCUMENTATION_COMMENTS = YES;
				CLANG_WARN_EMPTY_BODY = YES;
				CLANG_WARN_ENUM_CONVERSION = YES;
				CLANG_WARN_INFINITE_RECURSION = YES;
				CLANG_WARN_INT_CONVERSION = YES;
				CLANG_WARN_NON_LITERAL_NULL_CONVERSION = YES;
				CLANG_WARN_OBJC_IMPLICIT_RETAIN_SELF = YES;
				CLANG_WARN_OBJC_LITERAL_CONVERSION = YES;
				CLANG_WARN_OBJC_ROOT_CLASS = YES_ERROR;
				CLANG_WARN_QUOTED_INCLUDE_IN_FRAMEWORK_HEADER = YES;
				CLANG_WARN_RANGE_LOOP_ANALYSIS = YES;
				CLANG_WARN_STRICT_PROTOTYPES = YES;
				CLANG_WARN_SUSPICIOUS_MOVE = YES;
				CLANG_WARN_UNGUARDED_AVAILABILITY = YES_AGGRESSIVE;
				CLANG_WARN_UNREACHABLE_CODE = YES;
				CLANG_WARN__DUPLICATE_METHOD_MATCH = YES;
				COPY_PHASE_STRIP = NO;
				DEBUG_INFORMATION_FORMAT = dwarf;
				ENABLE_STRICT_OBJC_MSGSEND = YES;
				ENABLE_TESTABILITY = YES;
				GCC_C_LANGUAGE_STANDARD = gnu11;
				GCC_DYNAMIC_NO_PIC = NO;
				GCC_NO_COMMON_BLOCKS = YES;
				GCC_OPTIMIZATION_LEVEL = 0;
				GCC_PREPROCESSOR_DEFINITIONS = (
					"DEBUG=1",
					"$(inherited)",
				);
				GCC_WARN_64_TO_32_BIT_CONVERSION = YES;
				GCC_WARN_ABOUT_RETURN_TYPE = YES_ERROR;
				GCC_WARN_UNDECLARED_SELECTOR = YES;
				GCC_WARN_UNINITIALIZED_AUTOS = YES_AGGRESSIVE;
				GCC_WARN_UNUSED_FUNCTION = YES;
				GCC_WARN_UNUSED_VARIABLE = YES;
				IPHONEOS_DEPLOYMENT_TARGET = 14.5;
				MTL_ENABLE_DEBUG_INFO = INCLUDE_SOURCE;
				MTL_FAST_MATH = YES;
				ONLY_ACTIVE_ARCH = YES;
				SDKROOT = iphoneos;
				SWIFT_ACTIVE_COMPILATION_CONDITIONS = DEBUG;
				SWIFT_OPTIMIZATION_LEVEL = "-Onone";
			};
			name = Debug;
		};
		C9F0CE7026DC238900F85118 /* Release */ = {
			isa = XCBuildConfiguration;
			buildSettings = {
				ALWAYS_SEARCH_USER_PATHS = NO;
				CLANG_ANALYZER_NONNULL = YES;
				CLANG_ANALYZER_NUMBER_OBJECT_CONVERSION = YES_AGGRESSIVE;
				CLANG_CXX_LANGUAGE_STANDARD = "gnu++14";
				CLANG_CXX_LIBRARY = "libc++";
				CLANG_ENABLE_MODULES = YES;
				CLANG_ENABLE_OBJC_ARC = YES;
				CLANG_ENABLE_OBJC_WEAK = YES;
				CLANG_WARN_BLOCK_CAPTURE_AUTORELEASING = YES;
				CLANG_WARN_BOOL_CONVERSION = YES;
				CLANG_WARN_COMMA = YES;
				CLANG_WARN_CONSTANT_CONVERSION = YES;
				CLANG_WARN_DEPRECATED_OBJC_IMPLEMENTATIONS = YES;
				CLANG_WARN_DIRECT_OBJC_ISA_USAGE = YES_ERROR;
				CLANG_WARN_DOCUMENTATION_COMMENTS = YES;
				CLANG_WARN_EMPTY_BODY = YES;
				CLANG_WARN_ENUM_CONVERSION = YES;
				CLANG_WARN_INFINITE_RECURSION = YES;
				CLANG_WARN_INT_CONVERSION = YES;
				CLANG_WARN_NON_LITERAL_NULL_CONVERSION = YES;
				CLANG_WARN_OBJC_IMPLICIT_RETAIN_SELF = YES;
				CLANG_WARN_OBJC_LITERAL_CONVERSION = YES;
				CLANG_WARN_OBJC_ROOT_CLASS = YES_ERROR;
				CLANG_WARN_QUOTED_INCLUDE_IN_FRAMEWORK_HEADER = YES;
				CLANG_WARN_RANGE_LOOP_ANALYSIS = YES;
				CLANG_WARN_STRICT_PROTOTYPES = YES;
				CLANG_WARN_SUSPICIOUS_MOVE = YES;
				CLANG_WARN_UNGUARDED_AVAILABILITY = YES_AGGRESSIVE;
				CLANG_WARN_UNREACHABLE_CODE = YES;
				CLANG_WARN__DUPLICATE_METHOD_MATCH = YES;
				COPY_PHASE_STRIP = NO;
				DEBUG_INFORMATION_FORMAT = "dwarf-with-dsym";
				ENABLE_NS_ASSERTIONS = NO;
				ENABLE_STRICT_OBJC_MSGSEND = YES;
				GCC_C_LANGUAGE_STANDARD = gnu11;
				GCC_NO_COMMON_BLOCKS = YES;
				GCC_WARN_64_TO_32_BIT_CONVERSION = YES;
				GCC_WARN_ABOUT_RETURN_TYPE = YES_ERROR;
				GCC_WARN_UNDECLARED_SELECTOR = YES;
				GCC_WARN_UNINITIALIZED_AUTOS = YES_AGGRESSIVE;
				GCC_WARN_UNUSED_FUNCTION = YES;
				GCC_WARN_UNUSED_VARIABLE = YES;
				IPHONEOS_DEPLOYMENT_TARGET = 14.5;
				MTL_ENABLE_DEBUG_INFO = NO;
				MTL_FAST_MATH = YES;
				SDKROOT = iphoneos;
				SWIFT_COMPILATION_MODE = wholemodule;
				SWIFT_OPTIMIZATION_LEVEL = "-O";
				VALIDATE_PRODUCT = YES;
			};
			name = Release;
		};
		C9F0CE7226DC238900F85118 /* Debug */ = {
			isa = XCBuildConfiguration;
			baseConfigurationReference = 37F56AE7102BE527EB9E7B10 /* Pods-Challenge.debug.xcconfig */;
			buildSettings = {
				ASSETCATALOG_COMPILER_APPICON_NAME = AppIcon;
				ASSETCATALOG_COMPILER_GLOBAL_ACCENT_COLOR_NAME = AccentColor;
				CODE_SIGN_IDENTITY = "Apple Development";
				CODE_SIGN_STYLE = Automatic;
				DEVELOPMENT_TEAM = 7LLTPZQ494;
				INFOPLIST_FILE = Challenge/Resources/Info.plist;
				LD_RUNPATH_SEARCH_PATHS = (
					"$(inherited)",
					"@executable_path/Frameworks",
				);
				PRODUCT_BUNDLE_IDENTIFIER = com.challengeApp.Challenge;
				PRODUCT_NAME = "$(TARGET_NAME)";
				PROVISIONING_PROFILE_SPECIFIER = "";
				SWIFT_VERSION = 5.0;
				TARGETED_DEVICE_FAMILY = 1;
			};
			name = Debug;
		};
		C9F0CE7326DC238900F85118 /* Release */ = {
			isa = XCBuildConfiguration;
			baseConfigurationReference = 934729FB0CBBBA6444C9897E /* Pods-Challenge.release.xcconfig */;
			buildSettings = {
				ASSETCATALOG_COMPILER_APPICON_NAME = AppIcon;
				ASSETCATALOG_COMPILER_GLOBAL_ACCENT_COLOR_NAME = AccentColor;
				CODE_SIGN_IDENTITY = "Apple Development";
				CODE_SIGN_STYLE = Automatic;
				DEVELOPMENT_TEAM = 7LLTPZQ494;
				INFOPLIST_FILE = Challenge/Resources/Info.plist;
				LD_RUNPATH_SEARCH_PATHS = (
					"$(inherited)",
					"@executable_path/Frameworks",
				);
				PRODUCT_BUNDLE_IDENTIFIER = com.challengeApp.Challenge;
				PRODUCT_NAME = "$(TARGET_NAME)";
				PROVISIONING_PROFILE_SPECIFIER = "";
				SWIFT_VERSION = 5.0;
				TARGETED_DEVICE_FAMILY = 1;
			};
			name = Release;
		};
		C9F0CE7826DC238900F85118 /* Debug */ = {
			isa = XCBuildConfiguration;
			buildSettings = {
				ALWAYS_EMBED_SWIFT_STANDARD_LIBRARIES = YES;
				"CODE_SIGN_IDENTITY[sdk=macosx*]" = "-";
				CODE_SIGN_STYLE = Automatic;
				DEVELOPMENT_TEAM = 7LLTPZQ494;
				INFOPLIST_FILE = ChallengeUITests/Info.plist;
				LD_RUNPATH_SEARCH_PATHS = (
					"$(inherited)",
					"@executable_path/Frameworks",
					"@loader_path/Frameworks",
				);
				PRODUCT_BUNDLE_IDENTIFIER = com.challenge.ChallengeUITests;
				PRODUCT_NAME = "$(TARGET_NAME)";
				SWIFT_VERSION = 5.0;
				TARGETED_DEVICE_FAMILY = "1,2";
				TEST_TARGET_NAME = Challenge;
			};
			name = Debug;
		};
		C9F0CE7926DC238900F85118 /* Release */ = {
			isa = XCBuildConfiguration;
			buildSettings = {
				ALWAYS_EMBED_SWIFT_STANDARD_LIBRARIES = YES;
				"CODE_SIGN_IDENTITY[sdk=macosx*]" = "-";
				CODE_SIGN_STYLE = Automatic;
				DEVELOPMENT_TEAM = 7LLTPZQ494;
				INFOPLIST_FILE = ChallengeUITests/Info.plist;
				LD_RUNPATH_SEARCH_PATHS = (
					"$(inherited)",
					"@executable_path/Frameworks",
					"@loader_path/Frameworks",
				);
				PRODUCT_BUNDLE_IDENTIFIER = com.challenge.ChallengeUITests;
				PRODUCT_NAME = "$(TARGET_NAME)";
				SWIFT_VERSION = 5.0;
				TARGETED_DEVICE_FAMILY = "1,2";
				TEST_TARGET_NAME = Challenge;
			};
			name = Release;
		};
/* End XCBuildConfiguration section */

/* Begin XCConfigurationList section */
		C9EAAE0126DD564000A28468 /* Build configuration list for PBXNativeTarget "ChallengeTestsEndToEnd" */ = {
			isa = XCConfigurationList;
			buildConfigurations = (
				C9EAAE0226DD564000A28468 /* Debug */,
				C9EAAE0326DD564000A28468 /* Release */,
			);
			defaultConfigurationIsVisible = 0;
			defaultConfigurationName = Release;
		};
		C9EAAE0F26DD571300A28468 /* Build configuration list for PBXNativeTarget "ChallengeTests" */ = {
			isa = XCConfigurationList;
			buildConfigurations = (
				C9EAAE1026DD571300A28468 /* Debug */,
				C9EAAE1126DD571300A28468 /* Release */,
			);
			defaultConfigurationIsVisible = 0;
			defaultConfigurationName = Release;
		};
		C9F0CE4226DC237500F85118 /* Build configuration list for PBXProject "Challenge" */ = {
			isa = XCConfigurationList;
			buildConfigurations = (
				C9F0CE6F26DC238900F85118 /* Debug */,
				C9F0CE7026DC238900F85118 /* Release */,
			);
			defaultConfigurationIsVisible = 0;
			defaultConfigurationName = Release;
		};
		C9F0CE7126DC238900F85118 /* Build configuration list for PBXNativeTarget "Challenge" */ = {
			isa = XCConfigurationList;
			buildConfigurations = (
				C9F0CE7226DC238900F85118 /* Debug */,
				C9F0CE7326DC238900F85118 /* Release */,
			);
			defaultConfigurationIsVisible = 0;
			defaultConfigurationName = Release;
		};
		C9F0CE7726DC238900F85118 /* Build configuration list for PBXNativeTarget "ChallengeUITests" */ = {
			isa = XCConfigurationList;
			buildConfigurations = (
				C9F0CE7826DC238900F85118 /* Debug */,
				C9F0CE7926DC238900F85118 /* Release */,
			);
			defaultConfigurationIsVisible = 0;
			defaultConfigurationName = Release;
		};
/* End XCConfigurationList section */
	};
	rootObject = C9F0CE3F26DC237500F85118 /* Project object */;
}
